
Microsoft Visual Studio Solution File, Format Version 12.00
# Visual Studio Version 17
VisualStudioVersion = 17.9.34622.214
MinimumVisualStudioVersion = 10.0.40219.1
Project("{9A19103F-16F7-4668-BE54-9A1E7A4F7556}") = "Euro24Tracker", "Euro24Tracker\Euro24Tracker.csproj", "{BA0DA38B-4D4E-4FA3-AE7E-3B14358D1B62}"
EndProject
Project("{9A19103F-16F7-4668-BE54-9A1E7A4F7556}") = "EURO2024App", "EURO2024App\EURO2024App.csproj", "{CA5881EB-AA7E-409D-B777-5B50D79E42D5}"
EndProject
Global
	GlobalSection(SolutionConfigurationPlatforms) = preSolution
		Debug|Any CPU = Debug|Any CPU
		Release|Any CPU = Release|Any CPU
	EndGlobalSection
	GlobalSection(ProjectConfigurationPlatforms) = postSolution
		{BA0DA38B-4D4E-4FA3-AE7E-3B14358D1B62}.Debug|Any CPU.ActiveCfg = Debug|Any CPU
		{BA0DA38B-4D4E-4FA3-AE7E-3B14358D1B62}.Debug|Any CPU.Build.0 = Debug|Any CPU
		{BA0DA38B-4D4E-4FA3-AE7E-3B14358D1B62}.Release|Any CPU.ActiveCfg = Release|Any CPU
		{BA0DA38B-4D4E-4FA3-AE7E-3B14358D1B62}.Release|Any CPU.Build.0 = Release|Any CPU
		{CA5881EB-AA7E-409D-B777-5B50D79E42D5}.Debug|Any CPU.ActiveCfg = Debug|Any CPU
		{CA5881EB-AA7E-409D-B777-5B50D79E42D5}.Debug|Any CPU.Build.0 = Debug|Any CPU
		{CA5881EB-AA7E-409D-B777-5B50D79E42D5}.Debug|Any CPU.Deploy.0 = Debug|Any CPU
		{CA5881EB-AA7E-409D-B777-5B50D79E42D5}.Release|Any CPU.ActiveCfg = Release|Any CPU
		{CA5881EB-AA7E-409D-B777-5B50D79E42D5}.Release|Any CPU.Build.0 = Release|Any CPU
		{CA5881EB-AA7E-409D-B777-5B50D79E42D5}.Release|Any CPU.Deploy.0 = Release|Any CPU
	EndGlobalSection
	GlobalSection(SolutionProperties) = preSolution
		HideSolutionNode = FALSE
	EndGlobalSection
	GlobalSection(ExtensibilityGlobals) = postSolution
		SolutionGuid = {B22478F8-6DB7-4756-A397-FA7525B1BB4B}
	EndGlobalSection
EndGlobal
